
Microsoft Visual Studio Solution File, Format Version 12.00
# Visual Studio Version 17
VisualStudioVersion = 17.11.35327.3
MinimumVisualStudioVersion = 10.0.40219.1
Project("{9A19103F-16F7-4668-BE54-9A1E7A4F7556}") = "Entities", "Entities\Entities.csproj", "{FD9DA61E-6794-45C9-BB83-D1435D989988}"
EndProject
Project("{9A19103F-16F7-4668-BE54-9A1E7A4F7556}") = "DAL", "DAL\DAL.csproj", "{FFDA68AF-2791-47D2-8434-ABEB2E9384D9}"
EndProject
Project("{9A19103F-16F7-4668-BE54-9A1E7A4F7556}") = "BackEnd", "BackEnd\BackEnd.csproj", "{24B3B8E6-F2DC-4E0A-93EA-B36A257BD3A2}"
EndProject
Project("{FAE04EC0-301F-11D3-BF4B-00C04F79EFBC}") = "FrontEnd", "FrontEnd\FrontEnd.csproj", "{B17D9E9E-5BE4-4B42-80E6-88C2BEEE7ADB}"
EndProject
Global
	GlobalSection(SolutionConfigurationPlatforms) = preSolution
		Debug|Any CPU = Debug|Any CPU
		Release|Any CPU = Release|Any CPU
	EndGlobalSection
	GlobalSection(ProjectConfigurationPlatforms) = postSolution
		{FD9DA61E-6794-45C9-BB83-D1435D989988}.Debug|Any CPU.ActiveCfg = Debug|Any CPU
		{FD9DA61E-6794-45C9-BB83-D1435D989988}.Debug|Any CPU.Build.0 = Debug|Any CPU
		{FD9DA61E-6794-45C9-BB83-D1435D989988}.Release|Any CPU.ActiveCfg = Release|Any CPU
		{FD9DA61E-6794-45C9-BB83-D1435D989988}.Release|Any CPU.Build.0 = Release|Any CPU
		{FFDA68AF-2791-47D2-8434-ABEB2E9384D9}.Debug|Any CPU.ActiveCfg = Debug|Any CPU
		{FFDA68AF-2791-47D2-8434-ABEB2E9384D9}.Debug|Any CPU.Build.0 = Debug|Any CPU
		{FFDA68AF-2791-47D2-8434-ABEB2E9384D9}.Release|Any CPU.ActiveCfg = Release|Any CPU
		{FFDA68AF-2791-47D2-8434-ABEB2E9384D9}.Release|Any CPU.Build.0 = Release|Any CPU
		{24B3B8E6-F2DC-4E0A-93EA-B36A257BD3A2}.Debug|Any CPU.ActiveCfg = Debug|Any CPU
		{24B3B8E6-F2DC-4E0A-93EA-B36A257BD3A2}.Debug|Any CPU.Build.0 = Debug|Any CPU
		{24B3B8E6-F2DC-4E0A-93EA-B36A257BD3A2}.Release|Any CPU.ActiveCfg = Release|Any CPU
		{24B3B8E6-F2DC-4E0A-93EA-B36A257BD3A2}.Release|Any CPU.Build.0 = Release|Any CPU
		{B17D9E9E-5BE4-4B42-80E6-88C2BEEE7ADB}.Debug|Any CPU.ActiveCfg = Debug|Any CPU
		{B17D9E9E-5BE4-4B42-80E6-88C2BEEE7ADB}.Debug|Any CPU.Build.0 = Debug|Any CPU
		{B17D9E9E-5BE4-4B42-80E6-88C2BEEE7ADB}.Release|Any CPU.ActiveCfg = Release|Any CPU
		{B17D9E9E-5BE4-4B42-80E6-88C2BEEE7ADB}.Release|Any CPU.Build.0 = Release|Any CPU
	EndGlobalSection
	GlobalSection(SolutionProperties) = preSolution
		HideSolutionNode = FALSE
	EndGlobalSection
	GlobalSection(ExtensibilityGlobals) = postSolution
		SolutionGuid = {742EACF9-6883-47A8-A8A3-26404616AFFB}
	EndGlobalSection
EndGlobal
